
Microsoft Visual Studio Solution File, Format Version 12.00
# Visual Studio Version 17
VisualStudioVersion = 17.3.32825.248
MinimumVisualStudioVersion = 10.0.40219.1
Project("{FAE04EC0-301F-11D3-BF4B-00C04F79EFBC}") = "Швейная_фабрика", "Швейная_фабрика.csproj", "{2FE4B570-0ADC-461A-851D-DAF65EC42045}"
EndProject
Global
	GlobalSection(SolutionConfigurationPlatforms) = preSolution
		Debug|Any CPU = Debug|Any CPU
		Release|Any CPU = Release|Any CPU
	EndGlobalSection
	GlobalSection(ProjectConfigurationPlatforms) = postSolution
		{2FE4B570-0ADC-461A-851D-DAF65EC42045}.Debug|Any CPU.ActiveCfg = Debug|Any CPU
		{2FE4B570-0ADC-461A-851D-DAF65EC42045}.Debug|Any CPU.Build.0 = Debug|Any CPU
		{2FE4B570-0ADC-461A-851D-DAF65EC42045}.Release|Any CPU.ActiveCfg = Release|Any CPU
		{2FE4B570-0ADC-461A-851D-DAF65EC42045}.Release|Any CPU.Build.0 = Release|Any CPU
	EndGlobalSection
	GlobalSection(SolutionProperties) = preSolution
		HideSolutionNode = FALSE
	EndGlobalSection
	GlobalSection(ExtensibilityGlobals) = postSolution
		SolutionGuid = {D4110F73-3DA6-4BE4-A2BE-694C101EC9AA}
	EndGlobalSection
EndGlobal
